
Microsoft Visual Studio Solution File, Format Version 12.00
# Visual Studio Version 16
VisualStudioVersion = 16.0.31729.503
MinimumVisualStudioVersion = 10.0.40219.1
Project("{FAE04EC0-301F-11D3-BF4B-00C04F79EFBC}") = "Strater_App", "Strater_App\Strater_App.csproj", "{FBF6DFA4-45CD-49ED-A547-1FFD5CA5E083}"
EndProject
Global
	GlobalSection(SolutionConfigurationPlatforms) = preSolution
		Debug|Any CPU = Debug|Any CPU
		Release|Any CPU = Release|Any CPU
	EndGlobalSection
	GlobalSection(ProjectConfigurationPlatforms) = postSolution
		{FBF6DFA4-45CD-49ED-A547-1FFD5CA5E083}.Debug|Any CPU.ActiveCfg = Debug|Any CPU
		{FBF6DFA4-45CD-49ED-A547-1FFD5CA5E083}.Debug|Any CPU.Build.0 = Debug|Any CPU
		{FBF6DFA4-45CD-49ED-A547-1FFD5CA5E083}.Release|Any CPU.ActiveCfg = Release|Any CPU
		{FBF6DFA4-45CD-49ED-A547-1FFD5CA5E083}.Release|Any CPU.Build.0 = Release|Any CPU
	EndGlobalSection
	GlobalSection(SolutionProperties) = preSolution
		HideSolutionNode = FALSE
	EndGlobalSection
	GlobalSection(ExtensibilityGlobals) = postSolution
		SolutionGuid = {D30ED8D2-2463-40F9-A6D7-BBF1DC456C18}
	EndGlobalSection
EndGlobal
